
Microsoft Visual Studio Solution File, Format Version 12.00
# Visual Studio Version 17
VisualStudioVersion = 17.13.35825.156
MinimumVisualStudioVersion = 10.0.40219.1
Project("{8BC9CEB8-8B4A-11D0-8D11-00A0C91BC942}") = "Sandbox", "Sandbox\Sandbox.vcxproj", "{5D857B86-5B21-4CBD-9B35-CD82685D3E3E}"
EndProject
Project("{8BC9CEB8-8B4A-11D0-8D11-00A0C91BC942}") = "GameEngine", "GameEngine\GameEngine.vcxproj", "{099EAB02-0E8F-4995-9FAC-9F5D8129A14D}"
EndProject
Global
	GlobalSection(SolutionConfigurationPlatforms) = preSolution
		Debug|x64 = Debug|x64
		Release|x64 = Release|x64
	EndGlobalSection
	GlobalSection(ProjectConfigurationPlatforms) = postSolution
		{099EAB02-0E8F-4995-9FAC-9F5D8129A14D}.Debug|x64.ActiveCfg = Debug|x64
		{099EAB02-0E8F-4995-9FAC-9F5D8129A14D}.Debug|x64.Build.0 = Debug|x64
		{099EAB02-0E8F-4995-9FAC-9F5D8129A14D}.Release|x64.ActiveCfg = Release|x64
		{099EAB02-0E8F-4995-9FAC-9F5D8129A14D}.Release|x64.Build.0 = Release|x64
		{5D857B86-5B21-4CBD-9B35-CD82685D3E3E}.Debug|x64.ActiveCfg = Debug|x64
		{5D857B86-5B21-4CBD-9B35-CD82685D3E3E}.Debug|x64.Build.0 = Debug|x64
		{5D857B86-5B21-4CBD-9B35-CD82685D3E3E}.Release|x64.ActiveCfg = Release|x64
		{5D857B86-5B21-4CBD-9B35-CD82685D3E3E}.Release|x64.Build.0 = Release|x64
	EndGlobalSection
	GlobalSection(SolutionProperties) = preSolution
		HideSolutionNode = FALSE
	EndGlobalSection
	GlobalSection(ExtensibilityGlobals) = postSolution
		SolutionGuid = {DA5BBFEB-AC50-4E5F-B1C7-21816CECCE90}
	EndGlobalSection
EndGlobal
